
Microsoft Visual Studio Solution File, Format Version 10.00
# Visual Studio 2008
Project("{E24C65DC-7377-472B-9ABA-BC803B73C61A}") = "EatFit.Web", "EatFit.Web\", "{784E34D3-DDB3-465D-B16C-8A7AE4C69D83}"
	ProjectSection(WebsiteProperties) = preProject
		SccProjectName = ""
		SccAuxPath = ""
		SccLocalPath = ""
		SccProvider = ""
		TargetFramework = "2.0"
		Debug.AspNetCompiler.VirtualPath = "/EatFit.Web"
		Debug.AspNetCompiler.PhysicalPath = "EatFit.Web\"
		Debug.AspNetCompiler.TargetPath = "PrecompiledWeb\EatFit.Web\"
		Debug.AspNetCompiler.Updateable = "true"
		Debug.AspNetCompiler.ForceOverwrite = "true"
		Debug.AspNetCompiler.FixedNames = "false"
		Debug.AspNetCompiler.Debug = "True"
		Release.AspNetCompiler.VirtualPath = "/EatFit.Web"
		Release.AspNetCompiler.PhysicalPath = "EatFit.Web\"
		Release.AspNetCompiler.TargetPath = "PrecompiledWeb\EatFit.Web\"
		Release.AspNetCompiler.Updateable = "true"
		Release.AspNetCompiler.ForceOverwrite = "true"
		Release.AspNetCompiler.FixedNames = "false"
		Release.AspNetCompiler.Debug = "False"
		VWDPort = "49797"
	EndProjectSection
EndProject
Project("{FAE04EC0-301F-11D3-BF4B-00C04F79EFBC}") = "EatFit.Data", "EatFit.Data\EatFit.Data.csproj", "{C266FFC6-6BE4-42A5-A79D-0B39B19D5152}"
EndProject
Project("{FAE04EC0-301F-11D3-BF4B-00C04F79EFBC}") = "EatFitSProcs", "EatFitSProcs\EatFitSProcs.csproj", "{EE25EBC3-B0C6-445C-986D-0D6603150398}"
EndProject
Global
	GlobalSection(SolutionConfigurationPlatforms) = preSolution
		Debug|.NET = Debug|.NET
		Debug|Any CPU = Debug|Any CPU
		Debug|Mixed Platforms = Debug|Mixed Platforms
		Release|.NET = Release|.NET
		Release|Any CPU = Release|Any CPU
		Release|Mixed Platforms = Release|Mixed Platforms
	EndGlobalSection
	GlobalSection(ProjectConfigurationPlatforms) = postSolution
		{784E34D3-DDB3-465D-B16C-8A7AE4C69D83}.Debug|.NET.ActiveCfg = Debug|.NET
		{784E34D3-DDB3-465D-B16C-8A7AE4C69D83}.Debug|.NET.Build.0 = Debug|.NET
		{784E34D3-DDB3-465D-B16C-8A7AE4C69D83}.Debug|Any CPU.ActiveCfg = Debug|.NET
		{784E34D3-DDB3-465D-B16C-8A7AE4C69D83}.Debug|Mixed Platforms.ActiveCfg = Debug|.NET
		{784E34D3-DDB3-465D-B16C-8A7AE4C69D83}.Debug|Mixed Platforms.Build.0 = Debug|.NET
		{784E34D3-DDB3-465D-B16C-8A7AE4C69D83}.Release|.NET.ActiveCfg = Debug|.NET
		{784E34D3-DDB3-465D-B16C-8A7AE4C69D83}.Release|.NET.Build.0 = Debug|.NET
		{784E34D3-DDB3-465D-B16C-8A7AE4C69D83}.Release|Any CPU.ActiveCfg = Debug|.NET
		{784E34D3-DDB3-465D-B16C-8A7AE4C69D83}.Release|Mixed Platforms.ActiveCfg = Debug|.NET
		{784E34D3-DDB3-465D-B16C-8A7AE4C69D83}.Release|Mixed Platforms.Build.0 = Debug|.NET
		{C266FFC6-6BE4-42A5-A79D-0B39B19D5152}.Debug|.NET.ActiveCfg = Debug|Any CPU
		{C266FFC6-6BE4-42A5-A79D-0B39B19D5152}.Debug|Any CPU.ActiveCfg = Debug|Any CPU
		{C266FFC6-6BE4-42A5-A79D-0B39B19D5152}.Debug|Any CPU.Build.0 = Debug|Any CPU
		{C266FFC6-6BE4-42A5-A79D-0B39B19D5152}.Debug|Mixed Platforms.ActiveCfg = Debug|Any CPU
		{C266FFC6-6BE4-42A5-A79D-0B39B19D5152}.Debug|Mixed Platforms.Build.0 = Debug|Any CPU
		{C266FFC6-6BE4-42A5-A79D-0B39B19D5152}.Release|.NET.ActiveCfg = Release|Any CPU
		{C266FFC6-6BE4-42A5-A79D-0B39B19D5152}.Release|Any CPU.ActiveCfg = Release|Any CPU
		{C266FFC6-6BE4-42A5-A79D-0B39B19D5152}.Release|Any CPU.Build.0 = Release|Any CPU
		{C266FFC6-6BE4-42A5-A79D-0B39B19D5152}.Release|Mixed Platforms.ActiveCfg = Release|Any CPU
		{C266FFC6-6BE4-42A5-A79D-0B39B19D5152}.Release|Mixed Platforms.Build.0 = Release|Any CPU
		{EE25EBC3-B0C6-445C-986D-0D6603150398}.Debug|.NET.ActiveCfg = Debug|Any CPU
		{EE25EBC3-B0C6-445C-986D-0D6603150398}.Debug|Any CPU.ActiveCfg = Debug|Any CPU
		{EE25EBC3-B0C6-445C-986D-0D6603150398}.Debug|Any CPU.Build.0 = Debug|Any CPU
		{EE25EBC3-B0C6-445C-986D-0D6603150398}.Debug|Any CPU.Deploy.0 = Debug|Any CPU
		{EE25EBC3-B0C6-445C-986D-0D6603150398}.Debug|Mixed Platforms.ActiveCfg = Debug|Any CPU
		{EE25EBC3-B0C6-445C-986D-0D6603150398}.Debug|Mixed Platforms.Build.0 = Debug|Any CPU
		{EE25EBC3-B0C6-445C-986D-0D6603150398}.Debug|Mixed Platforms.Deploy.0 = Debug|Any CPU
		{EE25EBC3-B0C6-445C-986D-0D6603150398}.Release|.NET.ActiveCfg = Release|Any CPU
		{EE25EBC3-B0C6-445C-986D-0D6603150398}.Release|Any CPU.ActiveCfg = Release|Any CPU
		{EE25EBC3-B0C6-445C-986D-0D6603150398}.Release|Any CPU.Build.0 = Release|Any CPU
		{EE25EBC3-B0C6-445C-986D-0D6603150398}.Release|Any CPU.Deploy.0 = Release|Any CPU
		{EE25EBC3-B0C6-445C-986D-0D6603150398}.Release|Mixed Platforms.ActiveCfg = Release|Any CPU
		{EE25EBC3-B0C6-445C-986D-0D6603150398}.Release|Mixed Platforms.Build.0 = Release|Any CPU
		{EE25EBC3-B0C6-445C-986D-0D6603150398}.Release|Mixed Platforms.Deploy.0 = Release|Any CPU
	EndGlobalSection
	GlobalSection(SolutionProperties) = preSolution
		HideSolutionNode = FALSE
	EndGlobalSection
	GlobalSection(TeamFoundationVersionControl) = preSolution
		SccNumberOfProjects = 4
		SccEnterpriseProvider = {4CA58AB2-18FA-4F8D-95D4-32DDF27D184C}
		SccTeamFoundationServer = http://cubert:8080/
		SccLocalPath0 = .
		SccWebProject1 = true
		SccProjectUniqueName1 = EatFit.Web
		SccProjectName1 = EatFit.Web
		SccLocalPath1 = EatFit.Web
		SccProjectEnlistmentChoice1 = 2
		SccProjectUniqueName2 = EatFit.Data\\EatFit.Data.csproj
		SccProjectName2 = EatFit.Data
		SccLocalPath2 = EatFit.Data
		SccProjectUniqueName3 = EatFitSProcs\\EatFitSProcs.csproj
		SccProjectName3 = EatFitSProcs
		SccLocalPath3 = EatFitSProcs
	EndGlobalSection
EndGlobal
