
Microsoft Visual Studio Solution File, Format Version 12.00
# Visual Studio Version 16
VisualStudioVersion = 16.0.34301.259
MinimumVisualStudioVersion = 10.0.40219.1
Project("{E24C65DC-7377-472B-9ABA-BC803B73C61A}") = "EatFit.Web", "EatFit.Web\", "{784E34D3-DDB3-465D-B16C-8A7AE4C69D83}"
	ProjectSection(WebsiteProperties) = preProject
		SccProjectName = ""
		SccAuxPath = ""
		SccLocalPath = ""
		SccProvider = ""
		TargetFrameworkMoniker = ".NETFramework,Version%3Dv4.0"
		ProjectReferences = "{c266ffc6-6be4-42a5-a79d-0b39b19d5152}|EatFit.Data.dll;"
		Debug.AspNetCompiler.VirtualPath = "/EatFit.Web"
		Debug.AspNetCompiler.PhysicalPath = "EatFit.Web\"
		Debug.AspNetCompiler.TargetPath = "PrecompiledWeb\EatFit.Web\"
		Debug.AspNetCompiler.Updateable = "true"
		Debug.AspNetCompiler.ForceOverwrite = "true"
		Debug.AspNetCompiler.FixedNames = "false"
		Debug.AspNetCompiler.Debug = "True"
		Release.AspNetCompiler.VirtualPath = "/EatFit.Web"
		Release.AspNetCompiler.PhysicalPath = "EatFit.Web\"
		Release.AspNetCompiler.TargetPath = "PrecompiledWeb\EatFit.Web\"
		Release.AspNetCompiler.Updateable = "true"
		Release.AspNetCompiler.ForceOverwrite = "true"
		Release.AspNetCompiler.FixedNames = "false"
		Release.AspNetCompiler.Debug = "False"
		VWDPort = "65143"
		SlnRelativePath = "EatFit.Web\"
	EndProjectSection
EndProject
Project("{FAE04EC0-301F-11D3-BF4B-00C04F79EFBC}") = "EatFit.Data", "EatFit.Data\EatFit.Data.csproj", "{C266FFC6-6BE4-42A5-A79D-0B39B19D5152}"
EndProject
Project("{00D1A9C2-B5F0-4AF3-8072-F6C62B433612}") = "EatFitSProcs", "EatFitSProcs\EatFitSProcs.sqlproj", "{27A16828-EF41-4E2A-8709-99880B705851}"
EndProject
Global
	GlobalSection(SolutionConfigurationPlatforms) = preSolution
		Debug|.NET = Debug|.NET
		Debug|Any CPU = Debug|Any CPU
		Debug|Mixed Platforms = Debug|Mixed Platforms
		Release|.NET = Release|.NET
		Release|Any CPU = Release|Any CPU
		Release|Mixed Platforms = Release|Mixed Platforms
	EndGlobalSection
	GlobalSection(ProjectConfigurationPlatforms) = postSolution
		{784E34D3-DDB3-465D-B16C-8A7AE4C69D83}.Debug|.NET.ActiveCfg = Debug|.NET
		{784E34D3-DDB3-465D-B16C-8A7AE4C69D83}.Debug|.NET.Build.0 = Debug|.NET
		{784E34D3-DDB3-465D-B16C-8A7AE4C69D83}.Debug|Any CPU.ActiveCfg = Debug|.NET
		{784E34D3-DDB3-465D-B16C-8A7AE4C69D83}.Debug|Mixed Platforms.ActiveCfg = Debug|Any CPU
		{784E34D3-DDB3-465D-B16C-8A7AE4C69D83}.Debug|Mixed Platforms.Build.0 = Debug|Any CPU
		{784E34D3-DDB3-465D-B16C-8A7AE4C69D83}.Release|.NET.ActiveCfg = Debug|.NET
		{784E34D3-DDB3-465D-B16C-8A7AE4C69D83}.Release|.NET.Build.0 = Debug|.NET
		{784E34D3-DDB3-465D-B16C-8A7AE4C69D83}.Release|Any CPU.ActiveCfg = Debug|.NET
		{784E34D3-DDB3-465D-B16C-8A7AE4C69D83}.Release|Mixed Platforms.ActiveCfg = Debug|.NET
		{784E34D3-DDB3-465D-B16C-8A7AE4C69D83}.Release|Mixed Platforms.Build.0 = Debug|.NET
		{C266FFC6-6BE4-42A5-A79D-0B39B19D5152}.Debug|.NET.ActiveCfg = Debug|Any CPU
		{C266FFC6-6BE4-42A5-A79D-0B39B19D5152}.Debug|Any CPU.ActiveCfg = Debug|Any CPU
		{C266FFC6-6BE4-42A5-A79D-0B39B19D5152}.Debug|Any CPU.Build.0 = Debug|Any CPU
		{C266FFC6-6BE4-42A5-A79D-0B39B19D5152}.Debug|Mixed Platforms.ActiveCfg = Debug|Any CPU
		{C266FFC6-6BE4-42A5-A79D-0B39B19D5152}.Debug|Mixed Platforms.Build.0 = Debug|Any CPU
		{C266FFC6-6BE4-42A5-A79D-0B39B19D5152}.Release|.NET.ActiveCfg = Release|Any CPU
		{C266FFC6-6BE4-42A5-A79D-0B39B19D5152}.Release|Any CPU.ActiveCfg = Release|Any CPU
		{C266FFC6-6BE4-42A5-A79D-0B39B19D5152}.Release|Any CPU.Build.0 = Release|Any CPU
		{C266FFC6-6BE4-42A5-A79D-0B39B19D5152}.Release|Mixed Platforms.ActiveCfg = Release|Any CPU
		{C266FFC6-6BE4-42A5-A79D-0B39B19D5152}.Release|Mixed Platforms.Build.0 = Release|Any CPU
		{27A16828-EF41-4E2A-8709-99880B705851}.Debug|.NET.ActiveCfg = Debug|Any CPU
		{27A16828-EF41-4E2A-8709-99880B705851}.Debug|Any CPU.ActiveCfg = Debug|Any CPU
		{27A16828-EF41-4E2A-8709-99880B705851}.Debug|Any CPU.Build.0 = Debug|Any CPU
		{27A16828-EF41-4E2A-8709-99880B705851}.Debug|Any CPU.Deploy.0 = Debug|Any CPU
		{27A16828-EF41-4E2A-8709-99880B705851}.Debug|Mixed Platforms.ActiveCfg = Debug|Any CPU
		{27A16828-EF41-4E2A-8709-99880B705851}.Debug|Mixed Platforms.Build.0 = Debug|Any CPU
		{27A16828-EF41-4E2A-8709-99880B705851}.Debug|Mixed Platforms.Deploy.0 = Debug|Any CPU
		{27A16828-EF41-4E2A-8709-99880B705851}.Release|.NET.ActiveCfg = Release|Any CPU
		{27A16828-EF41-4E2A-8709-99880B705851}.Release|Any CPU.ActiveCfg = Release|Any CPU
		{27A16828-EF41-4E2A-8709-99880B705851}.Release|Any CPU.Build.0 = Release|Any CPU
		{27A16828-EF41-4E2A-8709-99880B705851}.Release|Any CPU.Deploy.0 = Release|Any CPU
		{27A16828-EF41-4E2A-8709-99880B705851}.Release|Mixed Platforms.ActiveCfg = Release|Any CPU
		{27A16828-EF41-4E2A-8709-99880B705851}.Release|Mixed Platforms.Build.0 = Release|Any CPU
		{27A16828-EF41-4E2A-8709-99880B705851}.Release|Mixed Platforms.Deploy.0 = Release|Any CPU
	EndGlobalSection
	GlobalSection(SolutionProperties) = preSolution
		HideSolutionNode = FALSE
	EndGlobalSection
	GlobalSection(ExtensibilityGlobals) = postSolution
		SolutionGuid = {9512E95A-F66E-4A17-B7A4-23D4338573A6}
	EndGlobalSection
EndGlobal
